
Microsoft Visual Studio Solution File, Format Version 12.00
# Visual Studio 2013
VisualStudioVersion = 12.0.21005.1
MinimumVisualStudioVersion = 10.0.40219.1
Project("{2150E333-8FDC-42A3-9474-1A3956D46DE8}") = "Client", "Client", "{42B40861-1220-4280-9BEF-A6E8627F3ED1}"
EndProject
Project("{2150E333-8FDC-42A3-9474-1A3956D46DE8}") = "Server", "Server", "{D5B1C2CA-EEAA-43B9-BC5A-7F41A2F4A05B}"
EndProject
Project("{FAE04EC0-301F-11D3-BF4B-00C04F79EFBC}") = "Specs", "Server\Specs\Specs.csproj", "{B5384114-E61E-4816-982C-0752EADF7AD2}"
EndProject
Project("{2150E333-8FDC-42A3-9474-1A3956D46DE8}") = ".nuget", ".nuget", "{356CB88E-10FA-460A-A25E-27833708D2B4}"
	ProjectSection(SolutionItems) = preProject
		.nuget\packages.config = .nuget\packages.config
	EndProjectSection
EndProject
Project("{FAE04EC0-301F-11D3-BF4B-00C04F79EFBC}") = "SCServer", "Server\SCServer\SCServer.csproj", "{09B8ADFB-8972-4FB7-89D8-C63E723284B0}"
EndProject
Global
	GlobalSection(SolutionConfigurationPlatforms) = preSolution
		Debug|Any CPU = Debug|Any CPU
		Release|Any CPU = Release|Any CPU
	EndGlobalSection
	GlobalSection(ProjectConfigurationPlatforms) = postSolution
		{B5384114-E61E-4816-982C-0752EADF7AD2}.Debug|Any CPU.ActiveCfg = Debug|Any CPU
		{B5384114-E61E-4816-982C-0752EADF7AD2}.Debug|Any CPU.Build.0 = Debug|Any CPU
		{B5384114-E61E-4816-982C-0752EADF7AD2}.Release|Any CPU.ActiveCfg = Release|Any CPU
		{B5384114-E61E-4816-982C-0752EADF7AD2}.Release|Any CPU.Build.0 = Release|Any CPU
		{09B8ADFB-8972-4FB7-89D8-C63E723284B0}.Debug|Any CPU.ActiveCfg = Debug|Any CPU
		{09B8ADFB-8972-4FB7-89D8-C63E723284B0}.Debug|Any CPU.Build.0 = Debug|Any CPU
		{09B8ADFB-8972-4FB7-89D8-C63E723284B0}.Release|Any CPU.ActiveCfg = Release|Any CPU
		{09B8ADFB-8972-4FB7-89D8-C63E723284B0}.Release|Any CPU.Build.0 = Release|Any CPU
	EndGlobalSection
	GlobalSection(SolutionProperties) = preSolution
		HideSolutionNode = FALSE
	EndGlobalSection
	GlobalSection(NestedProjects) = preSolution
		{B5384114-E61E-4816-982C-0752EADF7AD2} = {D5B1C2CA-EEAA-43B9-BC5A-7F41A2F4A05B}
		{09B8ADFB-8972-4FB7-89D8-C63E723284B0} = {D5B1C2CA-EEAA-43B9-BC5A-7F41A2F4A05B}
	EndGlobalSection
EndGlobal
